Microsoft Visual Studio Solution File, Format Version 12.00
# Visual Studio Version 16
VisualStudioVersion = 16.0.0.0
MinimumVisualStudioVersion = 16.0.0.0
Project("{9A19103F-16F7-4668-BE54-9A1E7A4F7556}") = "password_manager_b2c.Server", "Server\password_manager_b2c.Server.csproj", "{C57A9B7F-7D03-48AE-A811-F0CE15EDABBE}"
EndProject
Project("{9A19103F-16F7-4668-BE54-9A1E7A4F7556}") = "password_manager_b2c.Client", "Client\password_manager_b2c.Client.csproj", "{AF8F9659-62EB-4218-AB05-79AA9C591306}"
EndProject
Project("{9A19103F-16F7-4668-BE54-9A1E7A4F7556}") = "password_manager_b2c.Shared", "Shared\password_manager_b2c.Shared.csproj", "{FFE67CB5-A4A8-4CDE-BDC6-EE0C510C7ED5}"
EndProject
Global
	GlobalSection(SolutionConfigurationPlatforms) = preSolution
		Debug|Any CPU = Debug|Any CPU
		Debug|x64 = Debug|x64
		Debug|x86 = Debug|x86
		Release|Any CPU = Release|Any CPU
		Release|x64 = Release|x64
		Release|x86 = Release|x86
	EndGlobalSection
	GlobalSection(ProjectConfigurationPlatforms) = postSolution
		{AF8F9659-62EB-4218-AB05-79AA9C591306}.Debug|Any CPU.ActiveCfg = Debug|Any CPU
		{AF8F9659-62EB-4218-AB05-79AA9C591306}.Debug|Any CPU.Build.0 = Debug|Any CPU
		{AF8F9659-62EB-4218-AB05-79AA9C591306}.Debug|x64.ActiveCfg = Debug|Any CPU
		{AF8F9659-62EB-4218-AB05-79AA9C591306}.Debug|x64.Build.0 = Debug|Any CPU
		{AF8F9659-62EB-4218-AB05-79AA9C591306}.Debug|x86.ActiveCfg = Debug|Any CPU
		{AF8F9659-62EB-4218-AB05-79AA9C591306}.Debug|x86.Build.0 = Debug|Any CPU
		{AF8F9659-62EB-4218-AB05-79AA9C591306}.Release|Any CPU.ActiveCfg = Release|Any CPU
		{AF8F9659-62EB-4218-AB05-79AA9C591306}.Release|Any CPU.Build.0 = Release|Any CPU
		{AF8F9659-62EB-4218-AB05-79AA9C591306}.Release|x64.ActiveCfg = Release|Any CPU
		{AF8F9659-62EB-4218-AB05-79AA9C591306}.Release|x64.Build.0 = Release|Any CPU
		{AF8F9659-62EB-4218-AB05-79AA9C591306}.Release|x86.ActiveCfg = Release|Any CPU
		{AF8F9659-62EB-4218-AB05-79AA9C591306}.Release|x86.Build.0 = Release|Any CPU
		{C57A9B7F-7D03-48AE-A811-F0CE15EDABBE}.Debug|Any CPU.ActiveCfg = Debug|Any CPU
		{C57A9B7F-7D03-48AE-A811-F0CE15EDABBE}.Debug|Any CPU.Build.0 = Debug|Any CPU
		{C57A9B7F-7D03-48AE-A811-F0CE15EDABBE}.Debug|x64.ActiveCfg = Debug|Any CPU
		{C57A9B7F-7D03-48AE-A811-F0CE15EDABBE}.Debug|x64.Build.0 = Debug|Any CPU
		{C57A9B7F-7D03-48AE-A811-F0CE15EDABBE}.Debug|x86.ActiveCfg = Debug|Any CPU
		{C57A9B7F-7D03-48AE-A811-F0CE15EDABBE}.Debug|x86.Build.0 = Debug|Any CPU
		{C57A9B7F-7D03-48AE-A811-F0CE15EDABBE}.Release|Any CPU.ActiveCfg = Release|Any CPU
		{C57A9B7F-7D03-48AE-A811-F0CE15EDABBE}.Release|Any CPU.Build.0 = Release|Any CPU
		{C57A9B7F-7D03-48AE-A811-F0CE15EDABBE}.Release|x64.ActiveCfg = Release|Any CPU
		{C57A9B7F-7D03-48AE-A811-F0CE15EDABBE}.Release|x64.Build.0 = Release|Any CPU
		{C57A9B7F-7D03-48AE-A811-F0CE15EDABBE}.Release|x86.ActiveCfg = Release|Any CPU
		{C57A9B7F-7D03-48AE-A811-F0CE15EDABBE}.Release|x86.Build.0 = Release|Any CPU
		{FFE67CB5-A4A8-4CDE-BDC6-EE0C510C7ED5}.Debug|Any CPU.ActiveCfg = Debug|Any CPU
		{FFE67CB5-A4A8-4CDE-BDC6-EE0C510C7ED5}.Debug|Any CPU.Build.0 = Debug|Any CPU
		{FFE67CB5-A4A8-4CDE-BDC6-EE0C510C7ED5}.Debug|x64.ActiveCfg = Debug|Any CPU
		{FFE67CB5-A4A8-4CDE-BDC6-EE0C510C7ED5}.Debug|x64.Build.0 = Debug|Any CPU
		{FFE67CB5-A4A8-4CDE-BDC6-EE0C510C7ED5}.Debug|x86.ActiveCfg = Debug|Any CPU
		{FFE67CB5-A4A8-4CDE-BDC6-EE0C510C7ED5}.Debug|x86.Build.0 = Debug|Any CPU
		{FFE67CB5-A4A8-4CDE-BDC6-EE0C510C7ED5}.Release|Any CPU.ActiveCfg = Release|Any CPU
		{FFE67CB5-A4A8-4CDE-BDC6-EE0C510C7ED5}.Release|Any CPU.Build.0 = Release|Any CPU
		{FFE67CB5-A4A8-4CDE-BDC6-EE0C510C7ED5}.Release|x64.ActiveCfg = Release|Any CPU
		{FFE67CB5-A4A8-4CDE-BDC6-EE0C510C7ED5}.Release|x64.Build.0 = Release|Any CPU
		{FFE67CB5-A4A8-4CDE-BDC6-EE0C510C7ED5}.Release|x86.ActiveCfg = Release|Any CPU
		{FFE67CB5-A4A8-4CDE-BDC6-EE0C510C7ED5}.Release|x86.Build.0 = Release|Any CPU
	EndGlobalSection
	GlobalSection(SolutionProperties) = preSolution
		HideSolutionNode = FALSE
	EndGlobalSection
	GlobalSection(ExtensibilityGlobals) = postSolution
		SolutionGuid = {83C515BC-F023-4A6C-A957-38DD6A72961C}
	EndGlobalSection
EndGlobal